# This file is @generated by PDM.
# It is not intended for manual editing.

[[package]]
name = "markdown-it-py"
version = "2.2.0"
requires_python = ">=3.7"
summary = "Python port of markdown-it. Markdown parsing, done right!"
dependencies = [
    "mdurl~=0.1",
]

[[package]]
name = "mdurl"
version = "0.1.2"
requires_python = ">=3.7"
summary = "Markdown URL utilities"

[[package]]
name = "pygments"
version = "2.15.1"
requires_python = ">=3.7"
summary = "Pygments is a syntax highlighting package written in Python."

[[package]]
name = "rich"
version = "13.3.5"
requires_python = ">=3.7.0"
summary = "Render rich text, tables, progress bars, syntax highlighting, markdown and more to the terminal"
dependencies = [
    "markdown-it-py<3.0.0,>=2.2.0",
    "pygments<3.0.0,>=2.13.0",
]

[metadata]
lock_version = "4.2"
cross_platform = true
groups = ["default"]
content_hash = "sha256:92073a68bc1d55bfc4855228c3d40332d1df2aa29a53075513d54af4acff8d86"

[metadata.files]
"markdown-it-py 2.2.0" = [
    {url = "https://files.pythonhosted.org/packages/bf/25/2d88e8feee8e055d015343f9b86e370a1ccbec546f2865c98397aaef24af/markdown_it_py-2.2.0-py3-none-any.whl", hash = "sha256:5a35f8d1870171d9acc47b99612dc146129b631baf04970128b568f190d0cc30"},
    {url = "https://files.pythonhosted.org/packages/e4/c0/59bd6d0571986f72899288a95d9d6178d0eebd70b6650f1bb3f0da90f8f7/markdown-it-py-2.2.0.tar.gz", hash = "sha256:7c9a5e412688bc771c67432cbfebcdd686c93ce6484913dccf06cb5a0bea35a1"},
]
"mdurl 0.1.2" = [
    {url = "https://files.pythonhosted.org/packages/b3/38/89ba8ad64ae25be8de66a6d463314cf1eb366222074cfda9ee839c56a4b4/mdurl-0.1.2-py3-none-any.whl", hash = "sha256:84008a41e51615a49fc9966191ff91509e3c40b939176e643fd50a5c2196b8f8"},
    {url = "https://files.pythonhosted.org/packages/d6/54/cfe61301667036ec958cb99bd3efefba235e65cdeb9c84d24a8293ba1d90/mdurl-0.1.2.tar.gz", hash = "sha256:bb413d29f5eea38f31dd4754dd7377d4465116fb207585f97bf925588687c1ba"},
]
"pygments 2.15.1" = [
    {url = "https://files.pythonhosted.org/packages/34/a7/37c8d68532ba71549db4212cb036dbd6161b40e463aba336770e80c72f84/Pygments-2.15.1-py3-none-any.whl", hash = "sha256:db2db3deb4b4179f399a09054b023b6a586b76499d36965813c71aa8ed7b5fd1"},
    {url = "https://files.pythonhosted.org/packages/89/6b/2114e54b290824197006e41be3f9bbe1a26e9c39d1f5fa20a6d62945a0b3/Pygments-2.15.1.tar.gz", hash = "sha256:8ace4d3c1dd481894b2005f560ead0f9f19ee64fe983366be1a21e171d12775c"},
]
"rich 13.3.5" = [
    {url = "https://files.pythonhosted.org/packages/39/03/6de23bdd88f5ee7f8b03f94f6e88108f5d7ffe6d207e95cdb06d9aa4cd57/rich-13.3.5-py3-none-any.whl", hash = "sha256:69cdf53799e63f38b95b9bf9c875f8c90e78dd62b2f00c13a911c7a3b9fa4704"},
    {url = "https://files.pythonhosted.org/packages/3d/0b/8dd34d20929c4b5e474db2e64426175469c2b7fea5ba71c6d4b3397a9729/rich-13.3.5.tar.gz", hash = "sha256:2d11b9b8dd03868f09b4fffadc84a6a8cda574e40dc90821bd845720ebb8e89c"},
]
