# This file is @generated by PDM.
# It is not intended for manual editing.

[[package]]
name = "click"
version = "8.1.4"
requires_python = ">=3.7"
summary = "Composable command line interface toolkit"
dependencies = [
    "colorama; platform_system == \"Windows\"",
]

[[package]]
name = "colorama"
version = "0.4.6"
requires_python = "!=3.0.*,!=3.1.*,!=3.2.*,!=3.3.*,!=3.4.*,!=3.5.*,!=3.6.*,>=2.7"
summary = "Cross-platform colored terminal text."

[[package]]
name = "loguru"
version = "0.7.0"
requires_python = ">=3.5"
summary = "Python logging made (stupidly) simple"
dependencies = [
    "colorama>=0.3.4; sys_platform == \"win32\"",
    "win32-setctime>=1.0.0; sys_platform == \"win32\"",
]

[[package]]
name = "lorem-text"
version = "2.1"
requires_python = ">=3.5"
summary = "Dummy lorem ipsum text generator "
dependencies = [
    "Click>=7.0",
]

[[package]]
name = "markdown-it-py"
version = "3.0.0"
requires_python = ">=3.8"
summary = "Python port of markdown-it. Markdown parsing, done right!"
dependencies = [
    "mdurl~=0.1",
]

[[package]]
name = "mdurl"
version = "0.1.2"
requires_python = ">=3.7"
summary = "Markdown URL utilities"

[[package]]
name = "nptyping"
version = "2.5.0"
requires_python = ">=3.7"
summary = "Type hints for NumPy."
dependencies = [
    "numpy<2.0.0,>=1.20.0; python_version >= \"3.8\"",
]

[[package]]
name = "numpy"
version = "1.25.0"
requires_python = ">=3.9"
summary = "Fundamental package for array computing in Python"

[[package]]
name = "pygments"
version = "2.15.1"
requires_python = ">=3.7"
summary = "Pygments is a syntax highlighting package written in Python."

[[package]]
name = "rich"
version = "13.4.2"
requires_python = ">=3.7.0"
summary = "Render rich text, tables, progress bars, syntax highlighting, markdown and more to the terminal"
dependencies = [
    "markdown-it-py>=2.2.0",
    "pygments<3.0.0,>=2.13.0",
]

[[package]]
name = "sh"
version = "2.0.4"
requires_python = ">=3.8.1,<4.0"
summary = "Python subprocess replacement"

[[package]]
name = "win32-setctime"
version = "1.1.0"
requires_python = ">=3.5"
summary = "A small Python utility to set file creation time on Windows"

[metadata]
lock_version = "4.2"
cross_platform = true
groups = ["default", "cli", "dev"]
content_hash = "sha256:ad63dd6fec21ccb8df3c378f04b307979fee286651eaa5536e59c38d00e096bc"

[metadata.files]
"click 8.1.4" = [
    {url = "https://files.pythonhosted.org/packages/77/88/b0cc5fe95c31c301e9823ea9b028f669c0dcfa205ff71111037a5ed4892c/click-8.1.4.tar.gz", hash = "sha256:b97d0c74955da062a7d4ef92fadb583806a585b2ea81958a81bd72726cbb8e37"},
    {url = "https://files.pythonhosted.org/packages/f9/a6/dc327484918f1656cc9fcebebe77efcfc0ef0d447fa925a8760ee55abe0e/click-8.1.4-py3-none-any.whl", hash = "sha256:2739815aaa5d2c986a88f1e9230c55e17f0caad3d958a5e13ad0797c166db9e3"},
]
"colorama 0.4.6" = [
    {url = "https://files.pythonhosted.org/packages/d1/d6/3965ed04c63042e047cb6a3e6ed1a63a35087b6a609aa3a15ed8ac56c221/colorama-0.4.6-py2.py3-none-any.whl", hash = "sha256:4f1d9991f5acc0ca119f9d443620b77f9d6b33703e51011c16baf57afb285fc6"},
    {url = "https://files.pythonhosted.org/packages/d8/53/6f443c9a4a8358a93a6792e2acffb9d9d5cb0a5cfd8802644b7b1c9a02e4/colorama-0.4.6.tar.gz", hash = "sha256:08695f5cb7ed6e0531a20572697297273c47b8cae5a63ffc6d6ed5c201be6e44"},
]
"loguru 0.7.0" = [
    {url = "https://files.pythonhosted.org/packages/0c/1d/697cbb4ae54217784c1c4805696efb2fd7a1cbbe4827264a80a49e52b828/loguru-0.7.0.tar.gz", hash = "sha256:1612053ced6ae84d7959dd7d5e431a0532642237ec21f7fd83ac73fe539e03e1"},
    {url = "https://files.pythonhosted.org/packages/71/bd/337f7a0cd2628c4c77512d78e26f93b13c327a2ddf2132001dd78c000bf4/loguru-0.7.0-py3-none-any.whl", hash = "sha256:b93aa30099fa6860d4727f1b81f8718e965bb96253fa190fab2077aaad6d15d3"},
]
"lorem-text 2.1" = [
    {url = "https://files.pythonhosted.org/packages/73/34/6f1379fbce673d1d83245884763c5ec114363933330bf5fec275a8903ca5/lorem_text-2.1-py2.py3-none-any.whl", hash = "sha256:b512779addd08dcc221460ce428f7911b198f66c5763410f3de6d788eb62ceb3"},
    {url = "https://files.pythonhosted.org/packages/bc/cb/845cec9407543b651e1d6313ffdd80c631a5aa4fc42dcc50dbf2d7170278/lorem_text-2.1.tar.gz", hash = "sha256:b984b5570295084012f5a9385672bab3470965c943b73d8d71a6efcd7a62b5c3"},
]
"markdown-it-py 3.0.0" = [
    {url = "https://files.pythonhosted.org/packages/38/71/3b932df36c1a044d397a1f92d1cf91ee0a503d91e470cbd670aa66b07ed0/markdown-it-py-3.0.0.tar.gz", hash = "sha256:e3f60a94fa066dc52ec76661e37c851cb232d92f9886b15cb560aaada2df8feb"},
    {url = "https://files.pythonhosted.org/packages/42/d7/1ec15b46af6af88f19b8e5ffea08fa375d433c998b8a7639e76935c14f1f/markdown_it_py-3.0.0-py3-none-any.whl", hash = "sha256:355216845c60bd96232cd8d8c40e8f9765cc86f46880e43a8fd22dc1a1a8cab1"},
]
"mdurl 0.1.2" = [
    {url = "https://files.pythonhosted.org/packages/b3/38/89ba8ad64ae25be8de66a6d463314cf1eb366222074cfda9ee839c56a4b4/mdurl-0.1.2-py3-none-any.whl", hash = "sha256:84008a41e51615a49fc9966191ff91509e3c40b939176e643fd50a5c2196b8f8"},
    {url = "https://files.pythonhosted.org/packages/d6/54/cfe61301667036ec958cb99bd3efefba235e65cdeb9c84d24a8293ba1d90/mdurl-0.1.2.tar.gz", hash = "sha256:bb413d29f5eea38f31dd4754dd7377d4465116fb207585f97bf925588687c1ba"},
]
"nptyping 2.5.0" = [
    {url = "https://files.pythonhosted.org/packages/b1/28/92edc05378175de13a3d4986cee7531853634a22b7e5e21a988fa84fde3f/nptyping-2.5.0-py3-none-any.whl", hash = "sha256:764e51836faae33a7ae2e928af574cfb701355647accadcc89f2ad793630b7c8"},
    {url = "https://files.pythonhosted.org/packages/e1/b7/ffe533358c32506b1708feec0fb04ba0a35a959a94163fff5333671909da/nptyping-2.5.0.tar.gz", hash = "sha256:e3d35b53af967e6fb407c3016ff9abae954d3a0568f7cc13a461084224e8e20a"},
]
"numpy 1.25.0" = [
    {url = "https://files.pythonhosted.org/packages/13/a0/bd219e125915e1d5706a5d00b87cd93932d6a204d976aea09fa0f36af5a1/numpy-1.25.0-cp310-cp310-win_amd64.whl", hash = "sha256:c0dc071017bc00abb7d7201bac06fa80333c6314477b3d10b52b58fa6a6e38f6"},
    {url = "https://files.pythonhosted.org/packages/50/4b/2246882e9c89e8da081296bef4539ab1d44bf97f757931ddaf5f7d0a3b58/numpy-1.25.0-cp39-cp39-win_amd64.whl", hash = "sha256:26815c6c8498dc49d81faa76d61078c4f9f0859ce7817919021b9eba72b425e3"},
    {url = "https://files.pythonhosted.org/packages/52/68/ce0a665654fbc26a00ba9dfbd98a6f749246576bbc826710676ca9f67a1c/numpy-1.25.0-cp39-cp39-win32.whl", hash = "sha256:7412125b4f18aeddca2ecd7219ea2d2708f697943e6f624be41aa5f8a9852cc4"},
    {url = "https://files.pythonhosted.org/packages/68/44/1ff079e62f44fc6d17aea45ec6a7008c033c9a59972644c320c4fda95a49/numpy-1.25.0-cp39-cp39-manylinux_2_17_x86_64.manylinux2014_x86_64.whl", hash = "sha256:5177310ac2e63d6603f659fadc1e7bab33dd5a8db4e0596df34214eeab0fee3b"},
    {url = "https://files.pythonhosted.org/packages/75/74/7eec4db7eea3796fe6f47bc358c24447fc66a080ac2fd35cbe4a3cd8d17b/numpy-1.25.0-pp39-pypy39_pp73-manylinux_2_17_x86_64.manylinux2014_x86_64.whl", hash = "sha256:85cdae87d8c136fd4da4dad1e48064d700f63e923d5af6c8c782ac0df8044542"},
    {url = "https://files.pythonhosted.org/packages/76/72/d9e66a7bef82261aff26c71b8ac8b13fa2ffa965e046be958f949ca3388f/numpy-1.25.0-pp39-pypy39_pp73-win_amd64.whl", hash = "sha256:cc3fda2b36482891db1060f00f881c77f9423eead4c3579629940a3e12095fe8"},
    {url = "https://files.pythonhosted.org/packages/77/03/79b0bfc6e9dcd5eabbb17a714a2480ad3f932063eb8b39f6116ac207d5e3/numpy-1.25.0-cp310-cp310-manylinux_2_17_x86_64.manylinux2014_x86_64.whl", hash = "sha256:4aedd08f15d3045a4e9c648f1e04daca2ab1044256959f1f95aafeeb3d794c16"},
    {url = "https://files.pythonhosted.org/packages/8c/00/a65518f58b9bbba597cd757a765d7a34fea3d8fd089a8ecc7f6eb4e4f42d/numpy-1.25.0-cp311-cp311-manylinux_2_17_aarch64.manylinux2014_aarch64.whl", hash = "sha256:ecc68f11404930e9c7ecfc937aa423e1e50158317bf67ca91736a9864eae0232"},
    {url = "https://files.pythonhosted.org/packages/8e/de/a6cddb5b3b2ffd03bc0061dcb7c0edeaff2d10460eed8e0e9a57341ce455/numpy-1.25.0-cp39-cp39-musllinux_1_1_x86_64.whl", hash = "sha256:0ac6edfb35d2a99aaf102b509c8e9319c499ebd4978df4971b94419a116d0790"},
    {url = "https://files.pythonhosted.org/packages/a5/c7/586bc658351595f252dd6fa31a14ca28ca7de7d93171f933b1c193e7e32c/numpy-1.25.0-cp310-cp310-win32.whl", hash = "sha256:d76a84998c51b8b68b40448ddd02bd1081bb33abcdc28beee6cd284fe11036c6"},
    {url = "https://files.pythonhosted.org/packages/a7/71/8cadc39a58fc18a91ad135c3a33b6a6a7c0ccf00adb4263d6f2aebf8124d/numpy-1.25.0-cp310-cp310-macosx_10_9_x86_64.whl", hash = "sha256:8aa130c3042052d656751df5e81f6d61edff3e289b5994edcf77f54118a8d9f4"},
    {url = "https://files.pythonhosted.org/packages/a8/a5/dded2b52d4a460f265973f2aaedc5ea82814d471241e5d17599506c4ee0e/numpy-1.25.0-cp310-cp310-musllinux_1_1_x86_64.whl", hash = "sha256:6d183b5c58513f74225c376643234c369468e02947b47942eacbb23c1671f25d"},
    {url = "https://files.pythonhosted.org/packages/bb/b9/0f7a1d48d5c65c7a2cc8d5de119318a254351a0146e696855ade26615455/numpy-1.25.0-cp311-cp311-macosx_10_9_x86_64.whl", hash = "sha256:4c69fe5f05eea336b7a740e114dec995e2f927003c30702d896892403df6dbf0"},
    {url = "https://files.pythonhosted.org/packages/c8/7c/87cf5dc663803120901302db2494e625d762e19060b390d925e3e8666b18/numpy-1.25.0-cp310-cp310-macosx_11_0_arm64.whl", hash = "sha256:9e3f2b96e3b63c978bc29daaa3700c028fe3f049ea3031b58aa33fe2a5809d24"},
    {url = "https://files.pythonhosted.org/packages/d0/62/7c85c27e4277b142a91023bfb69ba27f1783777d31f5e920b314e1a92f69/numpy-1.25.0-cp39-cp39-macosx_11_0_arm64.whl", hash = "sha256:7cd981ccc0afe49b9883f14761bb57c964df71124dcd155b0cba2b591f0d64b9"},
    {url = "https://files.pythonhosted.org/packages/d0/b2/fe774844d1857804cc884bba67bec38f649c99d0dc1ee7cbbf1da601357c/numpy-1.25.0.tar.gz", hash = "sha256:f1accae9a28dc3cda46a91de86acf69de0d1b5f4edd44a9b0c3ceb8036dfff19"},
    {url = "https://files.pythonhosted.org/packages/d2/b0/ce6c0056f057e681b0b9f78900e122715389f865047c25fc2f37bfe2f8fe/numpy-1.25.0-cp39-cp39-manylinux_2_17_aarch64.manylinux2014_aarch64.whl", hash = "sha256:5aa48bebfb41f93043a796128854b84407d4df730d3fb6e5dc36402f5cd594c0"},
    {url = "https://files.pythonhosted.org/packages/de/8b/b2d73b913be92056b1f77b0b9d184d93f368353540adf91e699a10a2effb/numpy-1.25.0-cp311-cp311-win_amd64.whl", hash = "sha256:b76aa836a952059d70a2788a2d98cb2a533ccd46222558b6970348939e55fc24"},
    {url = "https://files.pythonhosted.org/packages/e3/51/524ba2b98e083b59dc287011adc6829778c496998aa329715a6a13ae4735/numpy-1.25.0-pp39-pypy39_pp73-macosx_10_9_x86_64.whl", hash = "sha256:5b1b90860bf7d8a8c313b372d4f27343a54f415b20fb69dd601b7efe1029c91e"},
    {url = "https://files.pythonhosted.org/packages/e8/bd/937ffc7345985456c963089418c4c7efdb2ca3af36624c5ea60a07d99bcf/numpy-1.25.0-cp311-cp311-macosx_11_0_arm64.whl", hash = "sha256:9c7211d7920b97aeca7b3773a6783492b5b93baba39e7c36054f6e749fc7490c"},
    {url = "https://files.pythonhosted.org/packages/ed/f6/1ce8d0bdcf926a5d94ae2a793eee4364c76ba2d1a5b73ee9de9aebc3a0e0/numpy-1.25.0-cp310-cp310-manylinux_2_17_aarch64.manylinux2014_aarch64.whl", hash = "sha256:d6b267f349a99d3908b56645eebf340cb58f01bd1e773b4eea1a905b3f0e4208"},
    {url = "https://files.pythonhosted.org/packages/ef/29/a2503fed1bb38902e789f3e73259d760911fb7b51420896716502c727aa1/numpy-1.25.0-cp311-cp311-win32.whl", hash = "sha256:95367ccd88c07af21b379be1725b5322362bb83679d36691f124a16357390153"},
    {url = "https://files.pythonhosted.org/packages/f4/73/08500367cf69634970c87d11bcc82dc0daf4d9554a3e5d4a3750f26c25b7/numpy-1.25.0-cp39-cp39-macosx_10_9_x86_64.whl", hash = "sha256:b792164e539d99d93e4e5e09ae10f8cbe5466de7d759fc155e075237e0c274e4"},
    {url = "https://files.pythonhosted.org/packages/f6/ae/546c18cad7525242d87def9ee1cba2e407028044f79c023ea8b2a11397d2/numpy-1.25.0-cp311-cp311-manylinux_2_17_x86_64.manylinux2014_x86_64.whl", hash = "sha256:e559c6afbca484072a98a51b6fa466aae785cfe89b69e8b856c3191bc8872a82"},
    {url = "https://files.pythonhosted.org/packages/fa/9f/9023a2135a86a80369c942670ef23c2c838aee3408f982e3b9bcaf9ffe61/numpy-1.25.0-cp311-cp311-musllinux_1_1_x86_64.whl", hash = "sha256:6c284907e37f5e04d2412950960894b143a648dea3f79290757eb878b91acbd1"},
]
"pygments 2.15.1" = [
    {url = "https://files.pythonhosted.org/packages/34/a7/37c8d68532ba71549db4212cb036dbd6161b40e463aba336770e80c72f84/Pygments-2.15.1-py3-none-any.whl", hash = "sha256:db2db3deb4b4179f399a09054b023b6a586b76499d36965813c71aa8ed7b5fd1"},
    {url = "https://files.pythonhosted.org/packages/89/6b/2114e54b290824197006e41be3f9bbe1a26e9c39d1f5fa20a6d62945a0b3/Pygments-2.15.1.tar.gz", hash = "sha256:8ace4d3c1dd481894b2005f560ead0f9f19ee64fe983366be1a21e171d12775c"},
]
"rich 13.4.2" = [
    {url = "https://files.pythonhosted.org/packages/e3/12/67d0098eb77005f5e068de639e6f4cfb8f24e6fcb0fd2037df0e1d538fee/rich-13.4.2.tar.gz", hash = "sha256:d653d6bccede5844304c605d5aac802c7cf9621efd700b46c7ec2b51ea914898"},
    {url = "https://files.pythonhosted.org/packages/fc/1e/482e5eec0b89b593e81d78f819a9412849814e22225842b598908e7ac560/rich-13.4.2-py3-none-any.whl", hash = "sha256:8f87bc7ee54675732fa66a05ebfe489e27264caeeff3728c945d25971b6485ec"},
]
"sh 2.0.4" = [
    {url = "https://files.pythonhosted.org/packages/75/52/2152c858389408403386b740b4d8d011449b49dba3eee71556947d5f6854/sh-2.0.4-py3-none-any.whl", hash = "sha256:14265a4cd1622429edcf300292ec98193530fb143fe642b3437024eca9bee8c5"},
    {url = "https://files.pythonhosted.org/packages/f3/54/ea1fe5ab317a4d942c71d80df534343cf148739f716ca6224ebcec83cb10/sh-2.0.4.tar.gz", hash = "sha256:a18920f0839991bc9dfddb6dcc006c360b1064ba96257359f0ea356e9fa75a60"},
]
"win32-setctime 1.1.0" = [
    {url = "https://files.pythonhosted.org/packages/0a/e6/a7d828fef907843b2a5773ebff47fb79ac0c1c88d60c0ca9530ee941e248/win32_setctime-1.1.0-py3-none-any.whl", hash = "sha256:231db239e959c2fe7eb1d7dc129f11172354f98361c4fa2d6d2d7e278baa8aad"},
    {url = "https://files.pythonhosted.org/packages/6b/dd/f95a13d2b235a28d613ba23ebad55191514550debb968b46aab99f2e3a30/win32_setctime-1.1.0.tar.gz", hash = "sha256:15cf5750465118d6929ae4de4eb46e8edae9a5634350c01ba582df868e932cb2"},
]
